
Microsoft Visual Studio Solution File, Format Version 12.00
# Visual Studio 15
VisualStudioVersion = 15.0.28010.2046
MinimumVisualStudioVersion = 10.0.40219.1
Project("{2150E333-8FDC-42A3-9474-1A3956D46DE8}") = "01-Apresentacao", "01-Apresentacao", "{7C10853F-2239-4218-B47A-8ED70880C2ED}"
EndProject
Project("{FAE04EC0-301F-11D3-BF4B-00C04F79EFBC}") = "PrefeituraConecta.MVC.UI", "01-Apresentacao\PrefeituraConecta.MVC.UI\PrefeituraConecta.MVC.UI.csproj", "{741AEF28-5B06-4742-9D7C-9C454EEE3F4A}"
EndProject
Global
	GlobalSection(SolutionConfigurationPlatforms) = preSolution
		Debug|Any CPU = Debug|Any CPU
		Release|Any CPU = Release|Any CPU
	EndGlobalSection
	GlobalSection(ProjectConfigurationPlatforms) = postSolution
		{741AEF28-5B06-4742-9D7C-9C454EEE3F4A}.Debug|Any CPU.ActiveCfg = Debug|Any CPU
		{741AEF28-5B06-4742-9D7C-9C454EEE3F4A}.Debug|Any CPU.Build.0 = Debug|Any CPU
		{741AEF28-5B06-4742-9D7C-9C454EEE3F4A}.Release|Any CPU.ActiveCfg = Release|Any CPU
		{741AEF28-5B06-4742-9D7C-9C454EEE3F4A}.Release|Any CPU.Build.0 = Release|Any CPU
	EndGlobalSection
	GlobalSection(SolutionProperties) = preSolution
		HideSolutionNode = FALSE
	EndGlobalSection
	GlobalSection(NestedProjects) = preSolution
		{741AEF28-5B06-4742-9D7C-9C454EEE3F4A} = {7C10853F-2239-4218-B47A-8ED70880C2ED}
	EndGlobalSection
	GlobalSection(ExtensibilityGlobals) = postSolution
		SolutionGuid = {D8C90602-E9AC-47AD-A71D-36664E74D6DF}
	EndGlobalSection
EndGlobal
